// !$*UTF8*$!
{
	archiveVersion = 1;
	classes = {
	};
	objectVersion = 54;
	objects = {

/* Begin PBXBuildFile section */
		A1F0000000000000000001 /* iOSApp.swift in Sources */ = {isa = PBXBuildFile; fileRef = B2F0000000000000000001 /* iOSApp.swift */; };
		A1F0000000000000000002 /* ContentView.swift in Sources */ = {isa = PBXBuildFile; fileRef = B2F0000000000000000002 /* ContentView.swift */; };
		A1F0000000000000000003 /* Assets.xcassets in Resources */ = {isa = PBXBuildFile; fileRef = B2F0000000000000000003 /* Assets.xcassets */; };
		A1F0000000000000000004 /* Preview Assets.xcassets in Resources */ = {isa = PBXBuildFile; fileRef = B2F0000000000000000004 /* Preview Assets.xcassets */; };
		A1F0000000000000000011 /* click.mp3 in Resources */ = {isa = PBXBuildFile; fileRef = B2F0000000000000000011 /* click.mp3 */; };
		A1F0000000000000000012 /* gameover.mp3 in Resources */ = {isa = PBXBuildFile; fileRef = B2F0000000000000000012 /* gameover.mp3 */; };
		A1F0000000000000000013 /* merge.mp3 in Resources */ = {isa = PBXBuildFile; fileRef = B2F0000000000000000013 /* merge.mp3 */; };
		A1F0000000000000000014 /* slide.mp3 in Resources */ = {isa = PBXBuildFile; fileRef = B2F0000000000000000014 /* slide.mp3 */; };
		A1F0000000000000000015 /* win.mp3 in Resources */ = {isa = PBXBuildFile; fileRef = B2F0000000000000000015 /* win.mp3 */; };
/* End PBXBuildFile section */

/* Begin PBXFileReference section */
		B2F0000000000000000000 /* iosApp.app */ = {isa = PBXFileReference; explicitFileType = wrapper.application; includeInIndex = 0; path = iosApp.app; sourceTree = BUILT_PRODUCTS_DIR; };
		B2F0000000000000000001 /* iOSApp.swift */ = {isa = PBXFileReference; lastKnownFileType = sourcecode.swift; path = iOSApp.swift; sourceTree = "<group>"; };
		B2F0000000000000000002 /* ContentView.swift */ = {isa = PBXFileReference; lastKnownFileType = sourcecode.swift; path = ContentView.swift; sourceTree = "<group>"; };
		B2F0000000000000000003 /* Assets.xcassets */ = {isa = PBXFileReference; lastKnownFileType = folder.assetcatalog; path = Assets.xcassets; sourceTree = "<group>"; };
		B2F0000000000000000004 /* Preview Assets.xcassets */ = {isa = PBXFileReference; lastKnownFileType = folder.assetcatalog; path = "Preview Assets.xcassets"; sourceTree = "<group>"; };
		B2F0000000000000000005 /* Info.plist */ = {isa = PBXFileReference; lastKnownFileType = text.plist.xml; path = Info.plist; sourceTree = "<group>"; };
		B2F0000000000000000011 /* click.mp3 */ = {isa = PBXFileReference; lastKnownFileType = audio.mp3; path = click.mp3; sourceTree = "<group>"; };
		B2F0000000000000000012 /* gameover.mp3 */ = {isa = PBXFileReference; lastKnownFileType = audio.mp3; path = gameover.mp3; sourceTree = "<group>"; };
		B2F0000000000000000013 /* merge.mp3 */ = {isa = PBXFileReference; lastKnownFileType = audio.mp3; path = merge.mp3; sourceTree = "<group>"; };
		B2F0000000000000000014 /* slide.mp3 */ = {isa = PBXFileReference; lastKnownFileType = audio.mp3; path = slide.mp3; sourceTree = "<group>"; };
		B2F0000000000000000015 /* win.mp3 */ = {isa = PBXFileReference; lastKnownFileType = audio.mp3; path = win.mp3; sourceTree = "<group>"; };
/* End PBXFileReference section */

/* Begin PBXFrameworksBuildPhase section */
		F6F0000000000000000002 /* Frameworks */ = {
			isa = PBXFrameworksBuildPhase;
			buildActionMask = 2147483647;
			files = (
			);
			runOnlyForDeploymentPostprocessing = 0;
		};
/* End PBXFrameworksBuildPhase section */

/* Begin PBXGroup section */
		C3F0000000000000000000 = {
			isa = PBXGroup;
			children = (
				C3F0000000000000000001 /* iosApp */,
				C3F0000000000000000002 /* Products */,
			);
			sourceTree = "<group>";
		};
		C3F0000000000000000001 /* iosApp */ = {
			isa = PBXGroup;
			children = (
				B2F0000000000000000001 /* iOSApp.swift */,
				B2F0000000000000000002 /* ContentView.swift */,
				B2F0000000000000000003 /* Assets.xcassets */,
				B2F0000000000000000005 /* Info.plist */,
				C3F0000000000000000004 /* Resources */,
				C3F0000000000000000003 /* Preview Content */,
			);
			path = iosApp;
			sourceTree = "<group>";
		};
		C3F0000000000000000002 /* Products */ = {
			isa = PBXGroup;
			children = (
				B2F0000000000000000000 /* iosApp.app */,
			);
			name = Products;
			sourceTree = "<group>";
		};
		C3F0000000000000000003 /* Preview Content */ = {
			isa = PBXGroup;
			children = (
				B2F0000000000000000004 /* Preview Assets.xcassets */,
			);
			path = "Preview Content";
			sourceTree = "<group>";
		};
		C3F0000000000000000004 /* Resources */ = {
			isa = PBXGroup;
			children = (
				B2F0000000000000000011 /* click.mp3 */,
				B2F0000000000000000012 /* gameover.mp3 */,
				B2F0000000000000000013 /* merge.mp3 */,
				B2F0000000000000000014 /* slide.mp3 */,
				B2F0000000000000000015 /* win.mp3 */,
			);
			path = Resources;
			sourceTree = "<group>";
		};
/* End PBXGroup section */

/* Begin PBXNativeTarget section */
		D4F0000000000000000001 /* iosApp */ = {
			isa = PBXNativeTarget;
			buildConfigurationList = 07F0000000000000000002 /* Build configuration list for PBXNativeTarget "iosApp" */;
			buildPhases = (
				F6F0000000000000000004 /* Compile Kotlin Framework */,
				F6F0000000000000000001 /* Sources */,
				F6F0000000000000000002 /* Frameworks */,
				F6F0000000000000000003 /* Resources */,
			);
			buildRules = (
			);
			dependencies = (
			);
			name = iosApp;
			productName = iosApp;
			productReference = B2F0000000000000000000 /* iosApp.app */;
			productType = "com.apple.product-type.application";
		};
/* End PBXNativeTarget section */

/* Begin PBXProject section */
		E5F0000000000000000001 /* Project object */ = {
			isa = PBXProject;
			attributes = {
				BuildIndependentTargetsInParallel = 1;
				LastSwiftUpdateCheck = 1510;
				LastUpgradeCheck = 1510;
				TargetAttributes = {
					D4F0000000000000000001 = {
						CreatedOnToolsVersion = 15.1;
					};
				};
			};
			buildConfigurationList = 07F0000000000000000001 /* Build configuration list for PBXProject "iosApp" */;
			compatibilityVersion = "Xcode 14.0";
			developmentRegion = en;
			hasScannedForEncodings = 0;
			knownRegions = (
				en,
				Base,
			);
			mainGroup = C3F0000000000000000000;
			productRefGroup = C3F0000000000000000002 /* Products */;
			projectDirPath = "";
			projectRoot = "";
			targets = (
				D4F0000000000000000001 /* iosApp */,
			);
		};
/* End PBXProject section */

/* Begin PBXResourcesBuildPhase section */
		F6F0000000000000000003 /* Resources */ = {
			isa = PBXResourcesBuildPhase;
			buildActionMask = 2147483647;
			files = (
				A1F0000000000000000004 /* Preview Assets.xcassets in Resources */,
				A1F0000000000000000003 /* Assets.xcassets in Resources */,
				A1F0000000000000000011 /* click.mp3 in Resources */,
				A1F0000000000000000012 /* gameover.mp3 in Resources */,
				A1F0000000000000000013 /* merge.mp3 in Resources */,
				A1F0000000000000000014 /* slide.mp3 in Resources */,
				A1F0000000000000000015 /* win.mp3 in Resources */,
			);
			runOnlyForDeploymentPostprocessing = 0;
		};
/* End PBXResourcesBuildPhase section */

/* Begin PBXShellScriptBuildPhase section */
		F6F0000000000000000004 /* Compile Kotlin Framework */ = {
			isa = PBXShellScriptBuildPhase;
			alwaysOutOfDate = 1;
			buildActionMask = 2147483647;
			files = (
			);
			inputFileListPaths = (
			);
			inputPaths = (
			);
			name = "Compile Kotlin Framework";
			outputFileListPaths = (
			);
			outputPaths = (
			);
			runOnlyForDeploymentPostprocessing = 0;
			shellPath = /bin/sh;
			shellScript = "cd \"$SRCROOT/..\"\n./gradlew :app:embedAndSignAppleFrameworkForXcode\n";
		};
/* End PBXShellScriptBuildPhase section */

/* Begin PBXSourcesBuildPhase section */
		F6F0000000000000000001 /* Sources */ = {
			isa = PBXSourcesBuildPhase;
			buildActionMask = 2147483647;
			files = (
				A1F0000000000000000002 /* ContentView.swift in Sources */,
				A1F0000000000000000001 /* iOSApp.swift in Sources */,
			);
			runOnlyForDeploymentPostprocessing = 0;
		};
/* End PBXSourcesBuildPhase section */

/* Begin XCBuildConfiguration section */
		18F0000000000000000001 /* Debug */ = {
			isa = XCBuildConfiguration;
			buildSettings = {
				ALWAYS_SEARCH_USER_PATHS = NO;
				CLANG_ANALYZER_NONNULL = YES;
				CLANG_ENABLE_MODULES = YES;
				CLANG_ENABLE_OBJC_ARC = YES;
				COPY_PHASE_STRIP = NO;
				DEBUG_INFORMATION_FORMAT = dwarf;
				ENABLE_STRICT_OBJC_MSGSEND = YES;
				ENABLE_TESTABILITY = YES;
				ENABLE_USER_SCRIPT_SANDBOXING = NO;
				GCC_C_LANGUAGE_STANDARD = gnu11;
				GCC_DYNAMIC_NO_PIC = NO;
				GCC_NO_COMMON_BLOCKS = YES;
				GCC_OPTIMIZATION_LEVEL = 0;
				GCC_PREPROCESSOR_DEFINITIONS = (
					"DEBUG=1",
					"$(inherited)",
				);
				IPHONEOS_DEPLOYMENT_TARGET = 15.0;
				MTL_ENABLE_DEBUG_INFO = INCLUDE_SOURCE;
				MTL_FAST_MATH = YES;
				ONLY_ACTIVE_ARCH = YES;
				SDKROOT = iphoneos;
				SWIFT_ACTIVE_COMPILATION_CONDITIONS = DEBUG;
				SWIFT_OPTIMIZATION_LEVEL = "-Onone";
			};
			name = Debug;
		};
		18F0000000000000000002 /* Release */ = {
			isa = XCBuildConfiguration;
			buildSettings = {
				ALWAYS_SEARCH_USER_PATHS = NO;
				CLANG_ANALYZER_NONNULL = YES;
				CLANG_ENABLE_MODULES = YES;
				CLANG_ENABLE_OBJC_ARC = YES;
				COPY_PHASE_STRIP = NO;
				DEBUG_INFORMATION_FORMAT = "dwarf-with-dsym";
				ENABLE_NS_ASSERTIONS = NO;
				ENABLE_STRICT_OBJC_MSGSEND = YES;
				ENABLE_USER_SCRIPT_SANDBOXING = NO;
				GCC_C_LANGUAGE_STANDARD = gnu11;
				GCC_NO_COMMON_BLOCKS = YES;
				IPHONEOS_DEPLOYMENT_TARGET = 15.0;
				MTL_ENABLE_DEBUG_INFO = NO;
				MTL_FAST_MATH = YES;
				SDKROOT = iphoneos;
				SWIFT_COMPILATION_MODE = wholemodule;
				SWIFT_OPTIMIZATION_LEVEL = "-O";
				VALIDATE_PRODUCT = YES;
			};
			name = Release;
		};
		18F0000000000000000003 /* Debug */ = {
			isa = XCBuildConfiguration;
			buildSettings = {
				ASSETCATALOG_COMPILER_APPICON_NAME = AppIcon;
				ASSETCATALOG_COMPILER_GLOBAL_ACCENT_COLOR_NAME = AccentColor;
				CODE_SIGN_IDENTITY = "Apple Distribution";
				CODE_SIGN_STYLE = Manual;
				CURRENT_PROJECT_VERSION = 1;
				DEVELOPMENT_ASSET_PATHS = "\"iosApp/Preview Content\"";
				DEVELOPMENT_TEAM = CT74FP5R99;
				ENABLE_PREVIEWS = YES;
				FRAMEWORK_SEARCH_PATHS = (
					"$(inherited)",
					"$(SRCROOT)/../app/build/xcode-frameworks/$(CONFIGURATION)/$(SDK_NAME)",
				);
				GENERATE_INFOPLIST_FILE = NO;
				INFOPLIST_FILE = iosApp/Info.plist;
				INFOPLIST_KEY_UIApplicationSupportsIndirectInputEvents = YES;
				IPHONEOS_DEPLOYMENT_TARGET = 15.0;
				LD_RUNPATH_SEARCH_PATHS = (
					"$(inherited)",
					"@executable_path/Frameworks",
				);
				MARKETING_VERSION = 1.0;
				PRODUCT_BUNDLE_IDENTIFIER = com.pp.game2048;
				PRODUCT_NAME = "$(TARGET_NAME)";
				SWIFT_EMIT_LOC_STRINGS = YES;
				SWIFT_VERSION = 5.0;
				TARGETED_DEVICE_FAMILY = "1,2";
			};
			name = Debug;
		};
		18F0000000000000000004 /* Release */ = {
			isa = XCBuildConfiguration;
			buildSettings = {
				ASSETCATALOG_COMPILER_APPICON_NAME = AppIcon;
				ASSETCATALOG_COMPILER_GLOBAL_ACCENT_COLOR_NAME = AccentColor;
				CODE_SIGN_IDENTITY = "Apple Distribution";
				CODE_SIGN_STYLE = Manual;
				CURRENT_PROJECT_VERSION = 1;
				DEVELOPMENT_ASSET_PATHS = "\"iosApp/Preview Content\"";
				DEVELOPMENT_TEAM = CT74FP5R99;
				ENABLE_PREVIEWS = YES;
				FRAMEWORK_SEARCH_PATHS = (
					"$(inherited)",
					"$(SRCROOT)/../app/build/xcode-frameworks/$(CONFIGURATION)/$(SDK_NAME)",
				);
				GENERATE_INFOPLIST_FILE = NO;
				INFOPLIST_FILE = iosApp/Info.plist;
				INFOPLIST_KEY_UIApplicationSupportsIndirectInputEvents = YES;
				IPHONEOS_DEPLOYMENT_TARGET = 15.0;
				LD_RUNPATH_SEARCH_PATHS = (
					"$(inherited)",
					"@executable_path/Frameworks",
				);
				MARKETING_VERSION = 1.0;
				PRODUCT_BUNDLE_IDENTIFIER = com.pp.game2048;
				PRODUCT_NAME = "$(TARGET_NAME)";
				SWIFT_EMIT_LOC_STRINGS = YES;
				SWIFT_VERSION = 5.0;
				TARGETED_DEVICE_FAMILY = "1,2";
			};
			name = Release;
		};
/* End XCBuildConfiguration section */

/* Begin XCConfigurationList section */
		07F0000000000000000001 /* Build configuration list for PBXProject "iosApp" */ = {
			isa = XCConfigurationList;
			buildConfigurations = (
				18F0000000000000000001 /* Debug */,
				18F0000000000000000002 /* Release */,
			);
			defaultConfigurationIsVisible = 0;
			defaultConfigurationName = Release;
		};
		07F0000000000000000002 /* Build configuration list for PBXNativeTarget "iosApp" */ = {
			isa = XCConfigurationList;
			buildConfigurations = (
				18F0000000000000000003 /* Debug */,
				18F0000000000000000004 /* Release */,
			);
			defaultConfigurationIsVisible = 0;
			defaultConfigurationName = Release;
		};
/* End XCConfigurationList section */
	};
	rootObject = E5F0000000000000000001 /* Project object */;
}
